// !$*UTF8*$!
{
	archiveVersion = 1;
	classes = {
	};
	objectVersion = 50;
	objects = {

/* Begin PBXBuildFile section */
		D708998721F1231E00786B54 /* ForecastViewController.swift in Sources */ = {isa = PBXBuildFile; fileRef = D708998621F1231E00786B54 /* ForecastViewController.swift */; };
		D708998921F127C200786B54 /* Forecast.swift in Sources */ = {isa = PBXBuildFile; fileRef = D708998821F127C200786B54 /* Forecast.swift */; };
		D708998C21F12B5600786B54 /* ForecastResult.swift in Sources */ = {isa = PBXBuildFile; fileRef = D708998B21F12B5600786B54 /* ForecastResult.swift */; };
		D708998E21F12C7E00786B54 /* ViewFactory.swift in Sources */ = {isa = PBXBuildFile; fileRef = D708998D21F12C7E00786B54 /* ViewFactory.swift */; };
		D708999021F1301200786B54 /* ForecastDataProvider.swift in Sources */ = {isa = PBXBuildFile; fileRef = D708998F21F1301200786B54 /* ForecastDataProvider.swift */; };
		D708999321F1BBE300786B54 /* ForecastCell.swift in Sources */ = {isa = PBXBuildFile; fileRef = D708999121F1BBE300786B54 /* ForecastCell.swift */; };
		D708999421F1BBE300786B54 /* ForecastCell.xib in Resources */ = {isa = PBXBuildFile; fileRef = D708999221F1BBE300786B54 /* ForecastCell.xib */; };
		D708999621F1C01D00786B54 /* Formatter.swift in Sources */ = {isa = PBXBuildFile; fileRef = D708999521F1C01D00786B54 /* Formatter.swift */; };
		D708999821F1CA6A00786B54 /* ForecastViewModel.swift in Sources */ = {isa = PBXBuildFile; fileRef = D708999721F1CA6A00786B54 /* ForecastViewModel.swift */; };
		D708999A21F1CD1A00786B54 /* ForecastHeaderView.swift in Sources */ = {isa = PBXBuildFile; fileRef = D708999921F1CD1A00786B54 /* ForecastHeaderView.swift */; };
		D74289EB220AD86C00519E7F /* NotificationCenter.framework in Frameworks */ = {isa = PBXBuildFile; fileRef = D74289EA220AD86C00519E7F /* NotificationCenter.framework */; };
		D74289EE220AD86C00519E7F /* TodayViewController.swift in Sources */ = {isa = PBXBuildFile; fileRef = D74289ED220AD86C00519E7F /* TodayViewController.swift */; };
		D74289F1220AD86C00519E7F /* MainInterface.storyboard in Resources */ = {isa = PBXBuildFile; fileRef = D74289EF220AD86C00519E7F /* MainInterface.storyboard */; };
		D74289F5220AD86C00519E7F /* TodayExtension.appex in Embed App Extensions */ = {isa = PBXBuildFile; fileRef = D74289E8220AD86B00519E7F /* TodayExtension.appex */; settings = {ATTRIBUTES = (RemoveHeadersOnCopy, ); }; };
		D74289FA220AD9F700519E7F /* AppDefaults.swift in Sources */ = {isa = PBXBuildFile; fileRef = D7649BC021F0971F0066A2E2 /* AppDefaults.swift */; };
		D74289FB220ADA1900519E7F /* City.swift in Sources */ = {isa = PBXBuildFile; fileRef = D7649BC521F0A4A70066A2E2 /* City.swift */; };
		D74289FC220ADA1900519E7F /* Coordinate.swift in Sources */ = {isa = PBXBuildFile; fileRef = D7DD246621F08767002D5D8B /* Coordinate.swift */; };
		D74289FD220ADA1900519E7F /* Weather.swift in Sources */ = {isa = PBXBuildFile; fileRef = D7DD246821F0879B002D5D8B /* Weather.swift */; };
		D74289FE220ADA1900519E7F /* Main.swift in Sources */ = {isa = PBXBuildFile; fileRef = D7DD246A21F087B0002D5D8B /* Main.swift */; };
		D74289FF220ADA1900519E7F /* Wind.swift in Sources */ = {isa = PBXBuildFile; fileRef = D7DD246C21F087DC002D5D8B /* Wind.swift */; };
		D7428A01220ADA9400519E7F /* ApiManager.swift in Sources */ = {isa = PBXBuildFile; fileRef = D7DD247621F08B77002D5D8B /* ApiManager.swift */; };
		D7428A02220ADA9900519E7F /* ApiService.swift in Sources */ = {isa = PBXBuildFile; fileRef = D7DD247C21F08C06002D5D8B /* ApiService.swift */; };
		D7428A03220ADA9900519E7F /* CityService.swift in Sources */ = {isa = PBXBuildFile; fileRef = D7DD247821F08BAA002D5D8B /* CityService.swift */; };
		D7428A04220ADA9900519E7F /* ForecastService.swift in Sources */ = {isa = PBXBuildFile; fileRef = D7DD247A21F08BB7002D5D8B /* ForecastService.swift */; };
		D7428A05220ADA9900519E7F /* Endpoint.swift in Sources */ = {isa = PBXBuildFile; fileRef = D7DD247421F08B1B002D5D8B /* Endpoint.swift */; };
		D7428A06220ADA9F00519E7F /* ApiError.swift in Sources */ = {isa = PBXBuildFile; fileRef = D7649BC321F09E630066A2E2 /* ApiError.swift */; };
		D7428A07220ADAA900519E7F /* Forecast.swift in Sources */ = {isa = PBXBuildFile; fileRef = D708998821F127C200786B54 /* Forecast.swift */; };
		D7428A08220ADAB400519E7F /* ForecastResult.swift in Sources */ = {isa = PBXBuildFile; fileRef = D708998B21F12B5600786B54 /* ForecastResult.swift */; };
		D7428A09220ADAC400519E7F /* Token.swift in Sources */ = {isa = PBXBuildFile; fileRef = D7649BC721F0A8B40066A2E2 /* Token.swift */; };
		D7428A0A220ADACB00519E7F /* Token.plist in Resources */ = {isa = PBXBuildFile; fileRef = D7649BC921F0A9C90066A2E2 /* Token.plist */; };
		D7649BBE21F0944C0066A2E2 /* AlertFactory.swift in Sources */ = {isa = PBXBuildFile; fileRef = D7649BBD21F0944C0066A2E2 /* AlertFactory.swift */; };
		D7649BC121F0971F0066A2E2 /* AppDefaults.swift in Sources */ = {isa = PBXBuildFile; fileRef = D7649BC021F0971F0066A2E2 /* AppDefaults.swift */; };
		D7649BC421F09E630066A2E2 /* ApiError.swift in Sources */ = {isa = PBXBuildFile; fileRef = D7649BC321F09E630066A2E2 /* ApiError.swift */; };
		D7649BC621F0A4A70066A2E2 /* City.swift in Sources */ = {isa = PBXBuildFile; fileRef = D7649BC521F0A4A70066A2E2 /* City.swift */; };
		D7649BC821F0A8B40066A2E2 /* Token.swift in Sources */ = {isa = PBXBuildFile; fileRef = D7649BC721F0A8B40066A2E2 /* Token.swift */; };
		D7649BCA21F0A9C90066A2E2 /* Token.plist in Resources */ = {isa = PBXBuildFile; fileRef = D7649BC921F0A9C90066A2E2 /* Token.plist */; };
		D7649BCC21F0AA900066A2E2 /* CityManager.swift in Sources */ = {isa = PBXBuildFile; fileRef = D7649BCB21F0AA900066A2E2 /* CityManager.swift */; };
		D7649BCE21F0B00F0066A2E2 /* MainDataProvider.swift in Sources */ = {isa = PBXBuildFile; fileRef = D7649BCD21F0B00F0066A2E2 /* MainDataProvider.swift */; };
		D7649BD521F0B3D80066A2E2 /* MainCityCell.swift in Sources */ = {isa = PBXBuildFile; fileRef = D7649BD321F0B3D80066A2E2 /* MainCityCell.swift */; };
		D7649BD621F0B3D80066A2E2 /* MainCityCell.xib in Resources */ = {isa = PBXBuildFile; fileRef = D7649BD421F0B3D80066A2E2 /* MainCityCell.xib */; };
		D77E3E7721F07EC900096B83 /* AppDelegate.swift in Sources */ = {isa = PBXBuildFile; fileRef = D77E3E7621F07EC900096B83 /* AppDelegate.swift */; };
		D77E3E7C21F07EC900096B83 /* Main.storyboard in Resources */ = {isa = PBXBuildFile; fileRef = D77E3E7A21F07EC900096B83 /* Main.storyboard */; };
		D77E3E7E21F07ECA00096B83 /* Assets.xcassets in Resources */ = {isa = PBXBuildFile; fileRef = D77E3E7D21F07ECA00096B83 /* Assets.xcassets */; };
		D77E3E8121F07ECA00096B83 /* LaunchScreen.storyboard in Resources */ = {isa = PBXBuildFile; fileRef = D77E3E7F21F07ECA00096B83 /* LaunchScreen.storyboard */; };
		D7DD245D21F082B2002D5D8B /* MainViewController.swift in Sources */ = {isa = PBXBuildFile; fileRef = D7DD245C21F082B2002D5D8B /* MainViewController.swift */; };
		D7DD246021F085F6002D5D8B /* Segue.swift in Sources */ = {isa = PBXBuildFile; fileRef = D7DD245F21F085F6002D5D8B /* Segue.swift */; };
		D7DD246721F08767002D5D8B /* Coordinate.swift in Sources */ = {isa = PBXBuildFile; fileRef = D7DD246621F08767002D5D8B /* Coordinate.swift */; };
		D7DD246921F0879B002D5D8B /* Weather.swift in Sources */ = {isa = PBXBuildFile; fileRef = D7DD246821F0879B002D5D8B /* Weather.swift */; };
		D7DD246B21F087B0002D5D8B /* Main.swift in Sources */ = {isa = PBXBuildFile; fileRef = D7DD246A21F087B0002D5D8B /* Main.swift */; };
		D7DD246D21F087DC002D5D8B /* Wind.swift in Sources */ = {isa = PBXBuildFile; fileRef = D7DD246C21F087DC002D5D8B /* Wind.swift */; };
		D7DD247521F08B1B002D5D8B /* Endpoint.swift in Sources */ = {isa = PBXBuildFile; fileRef = D7DD247421F08B1B002D5D8B /* Endpoint.swift */; };
		D7DD247721F08B77002D5D8B /* ApiManager.swift in Sources */ = {isa = PBXBuildFile; fileRef = D7DD247621F08B77002D5D8B /* ApiManager.swift */; };
		D7DD247921F08BAA002D5D8B /* CityService.swift in Sources */ = {isa = PBXBuildFile; fileRef = D7DD247821F08BAA002D5D8B /* CityService.swift */; };
		D7DD247B21F08BB7002D5D8B /* ForecastService.swift in Sources */ = {isa = PBXBuildFile; fileRef = D7DD247A21F08BB7002D5D8B /* ForecastService.swift */; };
		D7DD247D21F08C06002D5D8B /* ApiService.swift in Sources */ = {isa = PBXBuildFile; fileRef = D7DD247C21F08C06002D5D8B /* ApiService.swift */; };
/* End PBXBuildFile section */

/* Begin PBXContainerItemProxy section */
		D74289F3220AD86C00519E7F /* PBXContainerItemProxy */ = {
			isa = PBXContainerItemProxy;
			containerPortal = D77E3E6B21F07EC900096B83 /* Project object */;
			proxyType = 1;
			remoteGlobalIDString = D74289E7220AD86B00519E7F;
			remoteInfo = TodayExtension;
		};
/* End PBXContainerItemProxy section */

/* Begin PBXCopyFilesBuildPhase section */
		D74289F9220AD86C00519E7F /* Embed App Extensions */ = {
			isa = PBXCopyFilesBuildPhase;
			buildActionMask = 2147483647;
			dstPath = "";
			dstSubfolderSpec = 13;
			files = (
				D74289F5220AD86C00519E7F /* TodayExtension.appex in Embed App Extensions */,
			);
			name = "Embed App Extensions";
			runOnlyForDeploymentPostprocessing = 0;
		};
/* End PBXCopyFilesBuildPhase section */

/* Begin PBXFileReference section */
		D708998621F1231E00786B54 /* ForecastViewController.swift */ = {isa = PBXFileReference; lastKnownFileType = sourcecode.swift; path = ForecastViewController.swift; sourceTree = "<group>"; };
		D708998821F127C200786B54 /* Forecast.swift */ = {isa = PBXFileReference; lastKnownFileType = sourcecode.swift; path = Forecast.swift; sourceTree = "<group>"; };
		D708998B21F12B5600786B54 /* ForecastResult.swift */ = {isa = PBXFileReference; lastKnownFileType = sourcecode.swift; path = ForecastResult.swift; sourceTree = "<group>"; };
		D708998D21F12C7E00786B54 /* ViewFactory.swift */ = {isa = PBXFileReference; lastKnownFileType = sourcecode.swift; path = ViewFactory.swift; sourceTree = "<group>"; };
		D708998F21F1301200786B54 /* ForecastDataProvider.swift */ = {isa = PBXFileReference; lastKnownFileType = sourcecode.swift; path = ForecastDataProvider.swift; sourceTree = "<group>"; };
		D708999121F1BBE300786B54 /* ForecastCell.swift */ = {isa = PBXFileReference; lastKnownFileType = sourcecode.swift; path = ForecastCell.swift; sourceTree = "<group>"; };
		D708999221F1BBE300786B54 /* ForecastCell.xib */ = {isa = PBXFileReference; lastKnownFileType = file.xib; path = ForecastCell.xib; sourceTree = "<group>"; };
		D708999521F1C01D00786B54 /* Formatter.swift */ = {isa = PBXFileReference; lastKnownFileType = sourcecode.swift; path = Formatter.swift; sourceTree = "<group>"; };
		D708999721F1CA6A00786B54 /* ForecastViewModel.swift */ = {isa = PBXFileReference; lastKnownFileType = sourcecode.swift; path = ForecastViewModel.swift; sourceTree = "<group>"; };
		D708999921F1CD1A00786B54 /* ForecastHeaderView.swift */ = {isa = PBXFileReference; lastKnownFileType = sourcecode.swift; path = ForecastHeaderView.swift; sourceTree = "<group>"; };
		D74289E8220AD86B00519E7F /* TodayExtension.appex */ = {isa = PBXFileReference; explicitFileType = "wrapper.app-extension"; includeInIndex = 0; path = TodayExtension.appex; sourceTree = BUILT_PRODUCTS_DIR; };
		D74289EA220AD86C00519E7F /* NotificationCenter.framework */ = {isa = PBXFileReference; lastKnownFileType = wrapper.framework; name = NotificationCenter.framework; path = System/Library/Frameworks/NotificationCenter.framework; sourceTree = SDKROOT; };
		D74289ED220AD86C00519E7F /* TodayViewController.swift */ = {isa = PBXFileReference; lastKnownFileType = sourcecode.swift; path = TodayViewController.swift; sourceTree = "<group>"; };
		D74289F0220AD86C00519E7F /* Base */ = {isa = PBXFileReference; lastKnownFileType = file.storyboard; name = Base; path = Base.lproj/MainInterface.storyboard; sourceTree = "<group>"; };
		D74289F2220AD86C00519E7F /* Info.plist */ = {isa = PBXFileReference; lastKnownFileType = text.plist.xml; path = Info.plist; sourceTree = "<group>"; };
		D7649BBD21F0944C0066A2E2 /* AlertFactory.swift */ = {isa = PBXFileReference; lastKnownFileType = sourcecode.swift; path = AlertFactory.swift; sourceTree = "<group>"; };
		D7649BC021F0971F0066A2E2 /* AppDefaults.swift */ = {isa = PBXFileReference; lastKnownFileType = sourcecode.swift; path = AppDefaults.swift; sourceTree = "<group>"; };
		D7649BC321F09E630066A2E2 /* ApiError.swift */ = {isa = PBXFileReference; lastKnownFileType = sourcecode.swift; path = ApiError.swift; sourceTree = "<group>"; };
		D7649BC521F0A4A70066A2E2 /* City.swift */ = {isa = PBXFileReference; lastKnownFileType = sourcecode.swift; path = City.swift; sourceTree = "<group>"; };
		D7649BC721F0A8B40066A2E2 /* Token.swift */ = {isa = PBXFileReference; lastKnownFileType = sourcecode.swift; path = Token.swift; sourceTree = "<group>"; };
		D7649BC921F0A9C90066A2E2 /* Token.plist */ = {isa = PBXFileReference; fileEncoding = 4; lastKnownFileType = text.plist.xml; path = Token.plist; sourceTree = "<group>"; };
		D7649BCB21F0AA900066A2E2 /* CityManager.swift */ = {isa = PBXFileReference; lastKnownFileType = sourcecode.swift; path = CityManager.swift; sourceTree = "<group>"; };
		D7649BCD21F0B00F0066A2E2 /* MainDataProvider.swift */ = {isa = PBXFileReference; lastKnownFileType = sourcecode.swift; path = MainDataProvider.swift; sourceTree = "<group>"; };
		D7649BD321F0B3D80066A2E2 /* MainCityCell.swift */ = {isa = PBXFileReference; lastKnownFileType = sourcecode.swift; path = MainCityCell.swift; sourceTree = "<group>"; };
		D7649BD421F0B3D80066A2E2 /* MainCityCell.xib */ = {isa = PBXFileReference; lastKnownFileType = file.xib; path = MainCityCell.xib; sourceTree = "<group>"; };
		D77E3E7321F07EC900096B83 /* WeatherApp.app */ = {isa = PBXFileReference; explicitFileType = wrapper.application; includeInIndex = 0; path = WeatherApp.app; sourceTree = BUILT_PRODUCTS_DIR; };
		D77E3E7621F07EC900096B83 /* AppDelegate.swift */ = {isa = PBXFileReference; lastKnownFileType = sourcecode.swift; path = AppDelegate.swift; sourceTree = "<group>"; };
		D77E3E7B21F07EC900096B83 /* Base */ = {isa = PBXFileReference; lastKnownFileType = file.storyboard; name = Base; path = Base.lproj/Main.storyboard; sourceTree = "<group>"; };
		D77E3E7D21F07ECA00096B83 /* Assets.xcassets */ = {isa = PBXFileReference; lastKnownFileType = folder.assetcatalog; path = Assets.xcassets; sourceTree = "<group>"; };
		D77E3E8021F07ECA00096B83 /* Base */ = {isa = PBXFileReference; lastKnownFileType = file.storyboard; name = Base; path = Base.lproj/LaunchScreen.storyboard; sourceTree = "<group>"; };
		D77E3E8221F07ECA00096B83 /* Info.plist */ = {isa = PBXFileReference; lastKnownFileType = text.plist.xml; path = Info.plist; sourceTree = "<group>"; };
		D7DD245C21F082B2002D5D8B /* MainViewController.swift */ = {isa = PBXFileReference; lastKnownFileType = sourcecode.swift; path = MainViewController.swift; sourceTree = "<group>"; };
		D7DD245F21F085F6002D5D8B /* Segue.swift */ = {isa = PBXFileReference; lastKnownFileType = sourcecode.swift; path = Segue.swift; sourceTree = "<group>"; };
		D7DD246621F08767002D5D8B /* Coordinate.swift */ = {isa = PBXFileReference; lastKnownFileType = sourcecode.swift; path = Coordinate.swift; sourceTree = "<group>"; };
		D7DD246821F0879B002D5D8B /* Weather.swift */ = {isa = PBXFileReference; lastKnownFileType = sourcecode.swift; path = Weather.swift; sourceTree = "<group>"; };
		D7DD246A21F087B0002D5D8B /* Main.swift */ = {isa = PBXFileReference; lastKnownFileType = sourcecode.swift; path = Main.swift; sourceTree = "<group>"; };
		D7DD246C21F087DC002D5D8B /* Wind.swift */ = {isa = PBXFileReference; lastKnownFileType = sourcecode.swift; path = Wind.swift; sourceTree = "<group>"; };
		D7DD247421F08B1B002D5D8B /* Endpoint.swift */ = {isa = PBXFileReference; lastKnownFileType = sourcecode.swift; path = Endpoint.swift; sourceTree = "<group>"; };
		D7DD247621F08B77002D5D8B /* ApiManager.swift */ = {isa = PBXFileReference; lastKnownFileType = sourcecode.swift; path = ApiManager.swift; sourceTree = "<group>"; };
		D7DD247821F08BAA002D5D8B /* CityService.swift */ = {isa = PBXFileReference; lastKnownFileType = sourcecode.swift; path = CityService.swift; sourceTree = "<group>"; };
		D7DD247A21F08BB7002D5D8B /* ForecastService.swift */ = {isa = PBXFileReference; lastKnownFileType = sourcecode.swift; path = ForecastService.swift; sourceTree = "<group>"; };
		D7DD247C21F08C06002D5D8B /* ApiService.swift */ = {isa = PBXFileReference; lastKnownFileType = sourcecode.swift; path = ApiService.swift; sourceTree = "<group>"; };
		D7EFEE5F220ADC4B0036CA14 /* WeatherApp.entitlements */ = {isa = PBXFileReference; lastKnownFileType = text.plist.entitlements; path = WeatherApp.entitlements; sourceTree = "<group>"; };
		D7EFEE60220ADCB60036CA14 /* TodayExtension.entitlements */ = {isa = PBXFileReference; lastKnownFileType = text.plist.entitlements; path = TodayExtension.entitlements; sourceTree = "<group>"; };
/* End PBXFileReference section */

/* Begin PBXFrameworksBuildPhase section */
		D74289E5220AD86B00519E7F /* Frameworks */ = {
			isa = PBXFrameworksBuildPhase;
			buildActionMask = 2147483647;
			files = (
				D74289EB220AD86C00519E7F /* NotificationCenter.framework in Frameworks */,
			);
			runOnlyForDeploymentPostprocessing = 0;
		};
		D77E3E7021F07EC900096B83 /* Frameworks */ = {
			isa = PBXFrameworksBuildPhase;
			buildActionMask = 2147483647;
			files = (
			);
			runOnlyForDeploymentPostprocessing = 0;
		};
/* End PBXFrameworksBuildPhase section */

/* Begin PBXGroup section */
		D708998A21F12B3F00786B54 /* Model */ = {
			isa = PBXGroup;
			children = (
				D708998B21F12B5600786B54 /* ForecastResult.swift */,
			);
			path = Model;
			sourceTree = "<group>";
		};
		D74289E9220AD86C00519E7F /* Frameworks */ = {
			isa = PBXGroup;
			children = (
				D74289EA220AD86C00519E7F /* NotificationCenter.framework */,
			);
			name = Frameworks;
			sourceTree = "<group>";
		};
		D74289EC220AD86C00519E7F /* TodayExtension */ = {
			isa = PBXGroup;
			children = (
				D7EFEE60220ADCB60036CA14 /* TodayExtension.entitlements */,
				D74289ED220AD86C00519E7F /* TodayViewController.swift */,
				D74289EF220AD86C00519E7F /* MainInterface.storyboard */,
				D74289F2220AD86C00519E7F /* Info.plist */,
			);
			path = TodayExtension;
			sourceTree = "<group>";
		};
		D7649BBB21F0940F0066A2E2 /* View */ = {
			isa = PBXGroup;
			children = (
				D7649BD321F0B3D80066A2E2 /* MainCityCell.swift */,
				D7649BD421F0B3D80066A2E2 /* MainCityCell.xib */,
				D708999121F1BBE300786B54 /* ForecastCell.swift */,
				D708999221F1BBE300786B54 /* ForecastCell.xib */,
				D708999921F1CD1A00786B54 /* ForecastHeaderView.swift */,
			);
			path = View;
			sourceTree = "<group>";
		};
		D7649BBC21F094350066A2E2 /* Factory */ = {
			isa = PBXGroup;
			children = (
				D7649BBD21F0944C0066A2E2 /* AlertFactory.swift */,
				D708998D21F12C7E00786B54 /* ViewFactory.swift */,
			);
			path = Factory;
			sourceTree = "<group>";
		};
		D7649BBF21F097120066A2E2 /* Helpers */ = {
			isa = PBXGroup;
			children = (
				D7649BC021F0971F0066A2E2 /* AppDefaults.swift */,
				D7649BC721F0A8B40066A2E2 /* Token.swift */,
				D7649BCB21F0AA900066A2E2 /* CityManager.swift */,
				D708999521F1C01D00786B54 /* Formatter.swift */,
			);
			path = Helpers;
			sourceTree = "<group>";
		};
		D7649BC221F09E550066A2E2 /* Error */ = {
			isa = PBXGroup;
			children = (
				D7649BC321F09E630066A2E2 /* ApiError.swift */,
			);
			path = Error;
			sourceTree = "<group>";
		};
		D77E3E6A21F07EC900096B83 = {
			isa = PBXGroup;
			children = (
				D77E3E7521F07EC900096B83 /* WeatherApp */,
				D74289EC220AD86C00519E7F /* TodayExtension */,
				D74289E9220AD86C00519E7F /* Frameworks */,
				D77E3E7421F07EC900096B83 /* Products */,
			);
			sourceTree = "<group>";
		};
		D77E3E7421F07EC900096B83 /* Products */ = {
			isa = PBXGroup;
			children = (
				D77E3E7321F07EC900096B83 /* WeatherApp.app */,
				D74289E8220AD86B00519E7F /* TodayExtension.appex */,
			);
			name = Products;
			sourceTree = "<group>";
		};
		D77E3E7521F07EC900096B83 /* WeatherApp */ = {
			isa = PBXGroup;
			children = (
				D7EFEE5F220ADC4B0036CA14 /* WeatherApp.entitlements */,
				D77E3E7621F07EC900096B83 /* AppDelegate.swift */,
				D7DD245E21F085EA002D5D8B /* Constants */,
				D7649BC221F09E550066A2E2 /* Error */,
				D7DD246121F086A9002D5D8B /* API */,
				D7649BBC21F094350066A2E2 /* Factory */,
				D7649BBF21F097120066A2E2 /* Helpers */,
				D7DD246221F086B0002D5D8B /* Model */,
				D7649BBB21F0940F0066A2E2 /* View */,
				D7DD246321F086B4002D5D8B /* ViewModel */,
				D7DD245B21F082A1002D5D8B /* ViewController */,
				D77E3E7A21F07EC900096B83 /* Main.storyboard */,
				D77E3E7D21F07ECA00096B83 /* Assets.xcassets */,
				D77E3E7F21F07ECA00096B83 /* LaunchScreen.storyboard */,
				D77E3E8221F07ECA00096B83 /* Info.plist */,
				D7649BC921F0A9C90066A2E2 /* Token.plist */,
			);
			path = WeatherApp;
			sourceTree = "<group>";
		};
		D7DD245B21F082A1002D5D8B /* ViewController */ = {
			isa = PBXGroup;
			children = (
				D7DD245C21F082B2002D5D8B /* MainViewController.swift */,
				D7649BCD21F0B00F0066A2E2 /* MainDataProvider.swift */,
				D708998621F1231E00786B54 /* ForecastViewController.swift */,
				D708998F21F1301200786B54 /* ForecastDataProvider.swift */,
			);
			path = ViewController;
			sourceTree = "<group>";
		};
		D7DD245E21F085EA002D5D8B /* Constants */ = {
			isa = PBXGroup;
			children = (
				D7DD245F21F085F6002D5D8B /* Segue.swift */,
			);
			path = Constants;
			sourceTree = "<group>";
		};
		D7DD246121F086A9002D5D8B /* API */ = {
			isa = PBXGroup;
			children = (
				D7DD247621F08B77002D5D8B /* ApiManager.swift */,
				D7DD247C21F08C06002D5D8B /* ApiService.swift */,
				D7DD247821F08BAA002D5D8B /* CityService.swift */,
				D7DD247A21F08BB7002D5D8B /* ForecastService.swift */,
				D7DD247421F08B1B002D5D8B /* Endpoint.swift */,
				D708998A21F12B3F00786B54 /* Model */,
			);
			path = API;
			sourceTree = "<group>";
		};
		D7DD246221F086B0002D5D8B /* Model */ = {
			isa = PBXGroup;
			children = (
				D7649BC521F0A4A70066A2E2 /* City.swift */,
				D7DD246621F08767002D5D8B /* Coordinate.swift */,
				D7DD246821F0879B002D5D8B /* Weather.swift */,
				D7DD246A21F087B0002D5D8B /* Main.swift */,
				D7DD246C21F087DC002D5D8B /* Wind.swift */,
				D708998821F127C200786B54 /* Forecast.swift */,
			);
			path = Model;
			sourceTree = "<group>";
		};
		D7DD246321F086B4002D5D8B /* ViewModel */ = {
			isa = PBXGroup;
			children = (
				D708999721F1CA6A00786B54 /* ForecastViewModel.swift */,
			);
			path = ViewModel;
			sourceTree = "<group>";
		};
/* End PBXGroup section */

/* Begin PBXNativeTarget section */
		D74289E7220AD86B00519E7F /* TodayExtension */ = {
			isa = PBXNativeTarget;
			buildConfigurationList = D74289F8220AD86C00519E7F /* Build configuration list for PBXNativeTarget "TodayExtension" */;
			buildPhases = (
				D74289E4220AD86B00519E7F /* Sources */,
				D74289E5220AD86B00519E7F /* Frameworks */,
				D74289E6220AD86B00519E7F /* Resources */,
			);
			buildRules = (
			);
			dependencies = (
			);
			name = TodayExtension;
			productName = TodayExtension;
			productReference = D74289E8220AD86B00519E7F /* TodayExtension.appex */;
			productType = "com.apple.product-type.app-extension";
		};
		D77E3E7221F07EC900096B83 /* WeatherApp */ = {
			isa = PBXNativeTarget;
			buildConfigurationList = D77E3E8521F07ECA00096B83 /* Build configuration list for PBXNativeTarget "WeatherApp" */;
			buildPhases = (
				D77E3E6F21F07EC900096B83 /* Sources */,
				D77E3E7021F07EC900096B83 /* Frameworks */,
				D77E3E7121F07EC900096B83 /* Resources */,
				D74289F9220AD86C00519E7F /* Embed App Extensions */,
			);
			buildRules = (
			);
			dependencies = (
				D74289F4220AD86C00519E7F /* PBXTargetDependency */,
			);
			name = WeatherApp;
			productName = WeahterApp;
			productReference = D77E3E7321F07EC900096B83 /* WeatherApp.app */;
			productType = "com.apple.product-type.application";
		};
/* End PBXNativeTarget section */

/* Begin PBXProject section */
		D77E3E6B21F07EC900096B83 /* Project object */ = {
			isa = PBXProject;
			attributes = {
				LastSwiftUpdateCheck = 1010;
				LastUpgradeCheck = 1010;
				ORGANIZATIONNAME = "Wigmo Productions";
				TargetAttributes = {
					D74289E7220AD86B00519E7F = {
						CreatedOnToolsVersion = 10.1;
						SystemCapabilities = {
							com.apple.ApplicationGroups.iOS = {
								enabled = 1;
							};
						};
					};
					D77E3E7221F07EC900096B83 = {
						CreatedOnToolsVersion = 10.1;
						SystemCapabilities = {
							com.apple.ApplicationGroups.iOS = {
								enabled = 1;
							};
						};
					};
				};
			};
			buildConfigurationList = D77E3E6E21F07EC900096B83 /* Build configuration list for PBXProject "WeatherApp" */;
			compatibilityVersion = "Xcode 9.3";
			developmentRegion = en;
			hasScannedForEncodings = 0;
			knownRegions = (
				en,
				Base,
			);
			mainGroup = D77E3E6A21F07EC900096B83;
			productRefGroup = D77E3E7421F07EC900096B83 /* Products */;
			projectDirPath = "";
			projectRoot = "";
			targets = (
				D77E3E7221F07EC900096B83 /* WeatherApp */,
				D74289E7220AD86B00519E7F /* TodayExtension */,
			);
		};
/* End PBXProject section */

/* Begin PBXResourcesBuildPhase section */
		D74289E6220AD86B00519E7F /* Resources */ = {
			isa = PBXResourcesBuildPhase;
			buildActionMask = 2147483647;
			files = (
				D7428A0A220ADACB00519E7F /* Token.plist in Resources */,
				D74289F1220AD86C00519E7F /* MainInterface.storyboard in Resources */,
			);
			runOnlyForDeploymentPostprocessing = 0;
		};
		D77E3E7121F07EC900096B83 /* Resources */ = {
			isa = PBXResourcesBuildPhase;
			buildActionMask = 2147483647;
			files = (
				D77E3E8121F07ECA00096B83 /* LaunchScreen.storyboard in Resources */,
				D77E3E7E21F07ECA00096B83 /* Assets.xcassets in Resources */,
				D708999421F1BBE300786B54 /* ForecastCell.xib in Resources */,
				D7649BD621F0B3D80066A2E2 /* MainCityCell.xib in Resources */,
				D7649BCA21F0A9C90066A2E2 /* Token.plist in Resources */,
				D77E3E7C21F07EC900096B83 /* Main.storyboard in Resources */,
			);
			runOnlyForDeploymentPostprocessing = 0;
		};
/* End PBXResourcesBuildPhase section */

/* Begin PBXSourcesBuildPhase section */
		D74289E4220AD86B00519E7F /* Sources */ = {
			isa = PBXSourcesBuildPhase;
			buildActionMask = 2147483647;
			files = (
				D7428A03220ADA9900519E7F /* CityService.swift in Sources */,
				D7428A01220ADA9400519E7F /* ApiManager.swift in Sources */,
				D7428A07220ADAA900519E7F /* Forecast.swift in Sources */,
				D74289FE220ADA1900519E7F /* Main.swift in Sources */,
				D74289EE220AD86C00519E7F /* TodayViewController.swift in Sources */,
				D74289FF220ADA1900519E7F /* Wind.swift in Sources */,
				D74289FA220AD9F700519E7F /* AppDefaults.swift in Sources */,
				D7428A09220ADAC400519E7F /* Token.swift in Sources */,
				D7428A02220ADA9900519E7F /* ApiService.swift in Sources */,
				D7428A08220ADAB400519E7F /* ForecastResult.swift in Sources */,
				D74289FB220ADA1900519E7F /* City.swift in Sources */,
				D7428A04220ADA9900519E7F /* ForecastService.swift in Sources */,
				D74289FC220ADA1900519E7F /* Coordinate.swift in Sources */,
				D7428A05220ADA9900519E7F /* Endpoint.swift in Sources */,
				D7428A06220ADA9F00519E7F /* ApiError.swift in Sources */,
				D74289FD220ADA1900519E7F /* Weather.swift in Sources */,
			);
			runOnlyForDeploymentPostprocessing = 0;
		};
		D77E3E6F21F07EC900096B83 /* Sources */ = {
			isa = PBXSourcesBuildPhase;
			buildActionMask = 2147483647;
			files = (
				D708999621F1C01D00786B54 /* Formatter.swift in Sources */,
				D77E3E7721F07EC900096B83 /* AppDelegate.swift in Sources */,
				D7649BBE21F0944C0066A2E2 /* AlertFactory.swift in Sources */,
				D7DD246021F085F6002D5D8B /* Segue.swift in Sources */,
				D7649BD521F0B3D80066A2E2 /* MainCityCell.swift in Sources */,
				D708999021F1301200786B54 /* ForecastDataProvider.swift in Sources */,
				D7DD246721F08767002D5D8B /* Coordinate.swift in Sources */,
				D708999321F1BBE300786B54 /* ForecastCell.swift in Sources */,
				D7649BC621F0A4A70066A2E2 /* City.swift in Sources */,
				D708998C21F12B5600786B54 /* ForecastResult.swift in Sources */,
				D708998E21F12C7E00786B54 /* ViewFactory.swift in Sources */,
				D7DD247D21F08C06002D5D8B /* ApiService.swift in Sources */,
				D7DD246921F0879B002D5D8B /* Weather.swift in Sources */,
				D708998721F1231E00786B54 /* ForecastViewController.swift in Sources */,
				D7649BCC21F0AA900066A2E2 /* CityManager.swift in Sources */,
				D7DD246B21F087B0002D5D8B /* Main.swift in Sources */,
				D7DD247721F08B77002D5D8B /* ApiManager.swift in Sources */,
				D708999821F1CA6A00786B54 /* ForecastViewModel.swift in Sources */,
				D7649BC821F0A8B40066A2E2 /* Token.swift in Sources */,
				D7649BC121F0971F0066A2E2 /* AppDefaults.swift in Sources */,
				D7649BC421F09E630066A2E2 /* ApiError.swift in Sources */,
				D7DD247921F08BAA002D5D8B /* CityService.swift in Sources */,
				D7DD245D21F082B2002D5D8B /* MainViewController.swift in Sources */,
				D7DD247521F08B1B002D5D8B /* Endpoint.swift in Sources */,
				D7DD247B21F08BB7002D5D8B /* ForecastService.swift in Sources */,
				D708999A21F1CD1A00786B54 /* ForecastHeaderView.swift in Sources */,
				D7DD246D21F087DC002D5D8B /* Wind.swift in Sources */,
				D708998921F127C200786B54 /* Forecast.swift in Sources */,
				D7649BCE21F0B00F0066A2E2 /* MainDataProvider.swift in Sources */,
			);
			runOnlyForDeploymentPostprocessing = 0;
		};
/* End PBXSourcesBuildPhase section */

/* Begin PBXTargetDependency section */
		D74289F4220AD86C00519E7F /* PBXTargetDependency */ = {
			isa = PBXTargetDependency;
			target = D74289E7220AD86B00519E7F /* TodayExtension */;
			targetProxy = D74289F3220AD86C00519E7F /* PBXContainerItemProxy */;
		};
/* End PBXTargetDependency section */

/* Begin PBXVariantGroup section */
		D74289EF220AD86C00519E7F /* MainInterface.storyboard */ = {
			isa = PBXVariantGroup;
			children = (
				D74289F0220AD86C00519E7F /* Base */,
			);
			name = MainInterface.storyboard;
			sourceTree = "<group>";
		};
		D77E3E7A21F07EC900096B83 /* Main.storyboard */ = {
			isa = PBXVariantGroup;
			children = (
				D77E3E7B21F07EC900096B83 /* Base */,
			);
			name = Main.storyboard;
			sourceTree = "<group>";
		};
		D77E3E7F21F07ECA00096B83 /* LaunchScreen.storyboard */ = {
			isa = PBXVariantGroup;
			children = (
				D77E3E8021F07ECA00096B83 /* Base */,
			);
			name = LaunchScreen.storyboard;
			sourceTree = "<group>";
		};
/* End PBXVariantGroup section */

/* Begin XCBuildConfiguration section */
		D74289F6220AD86C00519E7F /* Debug */ = {
			isa = XCBuildConfiguration;
			buildSettings = {
				CODE_SIGN_ENTITLEMENTS = TodayExtension/TodayExtension.entitlements;
				CODE_SIGN_STYLE = Automatic;
				DEVELOPMENT_TEAM = 8W6Q8TKCZ3;
				INFOPLIST_FILE = TodayExtension/Info.plist;
				LD_RUNPATH_SEARCH_PATHS = (
					"$(inherited)",
					"@executable_path/Frameworks",
					"@executable_path/../../Frameworks",
				);
				PRODUCT_BUNDLE_IDENTIFIER = com.johanwigmo.WeahterApp.TodayExtension;
				PRODUCT_NAME = "$(TARGET_NAME)";
				SKIP_INSTALL = YES;
				SWIFT_VERSION = 4.2;
				TARGETED_DEVICE_FAMILY = "1,2";
			};
			name = Debug;
		};
		D74289F7220AD86C00519E7F /* Release */ = {
			isa = XCBuildConfiguration;
			buildSettings = {
				CODE_SIGN_ENTITLEMENTS = TodayExtension/TodayExtension.entitlements;
				CODE_SIGN_STYLE = Automatic;
				DEVELOPMENT_TEAM = 8W6Q8TKCZ3;
				INFOPLIST_FILE = TodayExtension/Info.plist;
				LD_RUNPATH_SEARCH_PATHS = (
					"$(inherited)",
					"@executable_path/Frameworks",
					"@executable_path/../../Frameworks",
				);
				PRODUCT_BUNDLE_IDENTIFIER = com.johanwigmo.WeahterApp.TodayExtension;
				PRODUCT_NAME = "$(TARGET_NAME)";
				SKIP_INSTALL = YES;
				SWIFT_VERSION = 4.2;
				TARGETED_DEVICE_FAMILY = "1,2";
			};
			name = Release;
		};
		D77E3E8321F07ECA00096B83 /* Debug */ = {
			isa = XCBuildConfiguration;
			buildSettings = {
				ALWAYS_SEARCH_USER_PATHS = NO;
				CLANG_ANALYZER_NONNULL = YES;
				CLANG_ANALYZER_NUMBER_OBJECT_CONVERSION = YES_AGGRESSIVE;
				CLANG_CXX_LANGUAGE_STANDARD = "gnu++14";
				CLANG_CXX_LIBRARY = "libc++";
				CLANG_ENABLE_MODULES = YES;
				CLANG_ENABLE_OBJC_ARC = YES;
				CLANG_ENABLE_OBJC_WEAK = YES;
				CLANG_WARN_BLOCK_CAPTURE_AUTORELEASING = YES;
				CLANG_WARN_BOOL_CONVERSION = YES;
				CLANG_WARN_COMMA = YES;
				CLANG_WARN_CONSTANT_CONVERSION = YES;
				CLANG_WARN_DEPRECATED_OBJC_IMPLEMENTATIONS = YES;
				CLANG_WARN_DIRECT_OBJC_ISA_USAGE = YES_ERROR;
				CLANG_WARN_DOCUMENTATION_COMMENTS = YES;
				CLANG_WARN_EMPTY_BODY = YES;
				CLANG_WARN_ENUM_CONVERSION = YES;
				CLANG_WARN_INFINITE_RECURSION = YES;
				CLANG_WARN_INT_CONVERSION = YES;
				CLANG_WARN_NON_LITERAL_NULL_CONVERSION = YES;
				CLANG_WARN_OBJC_IMPLICIT_RETAIN_SELF = YES;
				CLANG_WARN_OBJC_LITERAL_CONVERSION = YES;
				CLANG_WARN_OBJC_ROOT_CLASS = YES_ERROR;
				CLANG_WARN_RANGE_LOOP_ANALYSIS = YES;
				CLANG_WARN_STRICT_PROTOTYPES = YES;
				CLANG_WARN_SUSPICIOUS_MOVE = YES;
				CLANG_WARN_UNGUARDED_AVAILABILITY = YES_AGGRESSIVE;
				CLANG_WARN_UNREACHABLE_CODE = YES;
				CLANG_WARN__DUPLICATE_METHOD_MATCH = YES;
				CODE_SIGN_IDENTITY = "iPhone Developer";
				COPY_PHASE_STRIP = NO;
				DEBUG_INFORMATION_FORMAT = dwarf;
				ENABLE_STRICT_OBJC_MSGSEND = YES;
				ENABLE_TESTABILITY = YES;
				GCC_C_LANGUAGE_STANDARD = gnu11;
				GCC_DYNAMIC_NO_PIC = NO;
				GCC_NO_COMMON_BLOCKS = YES;
				GCC_OPTIMIZATION_LEVEL = 0;
				GCC_PREPROCESSOR_DEFINITIONS = (
					"DEBUG=1",
					"$(inherited)",
				);
				GCC_WARN_64_TO_32_BIT_CONVERSION = YES;
				GCC_WARN_ABOUT_RETURN_TYPE = YES_ERROR;
				GCC_WARN_UNDECLARED_SELECTOR = YES;
				GCC_WARN_UNINITIALIZED_AUTOS = YES_AGGRESSIVE;
				GCC_WARN_UNUSED_FUNCTION = YES;
				GCC_WARN_UNUSED_VARIABLE = YES;
				IPHONEOS_DEPLOYMENT_TARGET = 12.1;
				MTL_ENABLE_DEBUG_INFO = INCLUDE_SOURCE;
				MTL_FAST_MATH = YES;
				ONLY_ACTIVE_ARCH = YES;
				SDKROOT = iphoneos;
				SWIFT_ACTIVE_COMPILATION_CONDITIONS = DEBUG;
				SWIFT_OPTIMIZATION_LEVEL = "-Onone";
			};
			name = Debug;
		};
		D77E3E8421F07ECA00096B83 /* Release */ = {
			isa = XCBuildConfiguration;
			buildSettings = {
				ALWAYS_SEARCH_USER_PATHS = NO;
				CLANG_ANALYZER_NONNULL = YES;
				CLANG_ANALYZER_NUMBER_OBJECT_CONVERSION = YES_AGGRESSIVE;
				CLANG_CXX_LANGUAGE_STANDARD = "gnu++14";
				CLANG_CXX_LIBRARY = "libc++";
				CLANG_ENABLE_MODULES = YES;
				CLANG_ENABLE_OBJC_ARC = YES;
				CLANG_ENABLE_OBJC_WEAK = YES;
				CLANG_WARN_BLOCK_CAPTURE_AUTORELEASING = YES;
				CLANG_WARN_BOOL_CONVERSION = YES;
				CLANG_WARN_COMMA = YES;
				CLANG_WARN_CONSTANT_CONVERSION = YES;
				CLANG_WARN_DEPRECATED_OBJC_IMPLEMENTATIONS = YES;
				CLANG_WARN_DIRECT_OBJC_ISA_USAGE = YES_ERROR;
				CLANG_WARN_DOCUMENTATION_COMMENTS = YES;
				CLANG_WARN_EMPTY_BODY = YES;
				CLANG_WARN_ENUM_CONVERSION = YES;
				CLANG_WARN_INFINITE_RECURSION = YES;
				CLANG_WARN_INT_CONVERSION = YES;
				CLANG_WARN_NON_LITERAL_NULL_CONVERSION = YES;
				CLANG_WARN_OBJC_IMPLICIT_RETAIN_SELF = YES;
				CLANG_WARN_OBJC_LITERAL_CONVERSION = YES;
				CLANG_WARN_OBJC_ROOT_CLASS = YES_ERROR;
				CLANG_WARN_RANGE_LOOP_ANALYSIS = YES;
				CLANG_WARN_STRICT_PROTOTYPES = YES;
				CLANG_WARN_SUSPICIOUS_MOVE = YES;
				CLANG_WARN_UNGUARDED_AVAILABILITY = YES_AGGRESSIVE;
				CLANG_WARN_UNREACHABLE_CODE = YES;
				CLANG_WARN__DUPLICATE_METHOD_MATCH = YES;
				CODE_SIGN_IDENTITY = "iPhone Developer";
				COPY_PHASE_STRIP = NO;
				DEBUG_INFORMATION_FORMAT = "dwarf-with-dsym";
				ENABLE_NS_ASSERTIONS = NO;
				ENABLE_STRICT_OBJC_MSGSEND = YES;
				GCC_C_LANGUAGE_STANDARD = gnu11;
				GCC_NO_COMMON_BLOCKS = YES;
				GCC_WARN_64_TO_32_BIT_CONVERSION = YES;
				GCC_WARN_ABOUT_RETURN_TYPE = YES_ERROR;
				GCC_WARN_UNDECLARED_SELECTOR = YES;
				GCC_WARN_UNINITIALIZED_AUTOS = YES_AGGRESSIVE;
				GCC_WARN_UNUSED_FUNCTION = YES;
				GCC_WARN_UNUSED_VARIABLE = YES;
				IPHONEOS_DEPLOYMENT_TARGET = 12.1;
				MTL_ENABLE_DEBUG_INFO = NO;
				MTL_FAST_MATH = YES;
				SDKROOT = iphoneos;
				SWIFT_COMPILATION_MODE = wholemodule;
				SWIFT_OPTIMIZATION_LEVEL = "-O";
				VALIDATE_PRODUCT = YES;
			};
			name = Release;
		};
		D77E3E8621F07ECA00096B83 /* Debug */ = {
			isa = XCBuildConfiguration;
			buildSettings = {
				ALWAYS_EMBED_SWIFT_STANDARD_LIBRARIES = YES;
				ASSETCATALOG_COMPILER_APPICON_NAME = AppIcon;
				CODE_SIGN_ENTITLEMENTS = WeatherApp/WeatherApp.entitlements;
				CODE_SIGN_STYLE = Automatic;
				DEVELOPMENT_TEAM = 8W6Q8TKCZ3;
				INFOPLIST_FILE = "$(SRCROOT)/WeatherApp/Info.plist";
				LD_RUNPATH_SEARCH_PATHS = (
					"$(inherited)",
					"@executable_path/Frameworks",
				);
				PRODUCT_BUNDLE_IDENTIFIER = com.johanwigmo.WeahterApp;
				PRODUCT_NAME = "$(TARGET_NAME)";
				SWIFT_VERSION = 4.2;
				TARGETED_DEVICE_FAMILY = 1;
			};
			name = Debug;
		};
		D77E3E8721F07ECA00096B83 /* Release */ = {
			isa = XCBuildConfiguration;
			buildSettings = {
				ALWAYS_EMBED_SWIFT_STANDARD_LIBRARIES = YES;
				ASSETCATALOG_COMPILER_APPICON_NAME = AppIcon;
				CODE_SIGN_ENTITLEMENTS = WeatherApp/WeatherApp.entitlements;
				CODE_SIGN_STYLE = Automatic;
				DEVELOPMENT_TEAM = 8W6Q8TKCZ3;
				INFOPLIST_FILE = "$(SRCROOT)/WeatherApp/Info.plist";
				LD_RUNPATH_SEARCH_PATHS = (
					"$(inherited)",
					"@executable_path/Frameworks",
				);
				PRODUCT_BUNDLE_IDENTIFIER = com.johanwigmo.WeahterApp;
				PRODUCT_NAME = "$(TARGET_NAME)";
				SWIFT_VERSION = 4.2;
				TARGETED_DEVICE_FAMILY = 1;
			};
			name = Release;
		};
/* End XCBuildConfiguration section */

/* Begin XCConfigurationList section */
		D74289F8220AD86C00519E7F /* Build configuration list for PBXNativeTarget "TodayExtension" */ = {
			isa = XCConfigurationList;
			buildConfigurations = (
				D74289F6220AD86C00519E7F /* Debug */,
				D74289F7220AD86C00519E7F /* Release */,
			);
			defaultConfigurationIsVisible = 0;
			defaultConfigurationName = Release;
		};
		D77E3E6E21F07EC900096B83 /* Build configuration list for PBXProject "WeatherApp" */ = {
			isa = XCConfigurationList;
			buildConfigurations = (
				D77E3E8321F07ECA00096B83 /* Debug */,
				D77E3E8421F07ECA00096B83 /* Release */,
			);
			defaultConfigurationIsVisible = 0;
			defaultConfigurationName = Release;
		};
		D77E3E8521F07ECA00096B83 /* Build configuration list for PBXNativeTarget "WeatherApp" */ = {
			isa = XCConfigurationList;
			buildConfigurations = (
				D77E3E8621F07ECA00096B83 /* Debug */,
				D77E3E8721F07ECA00096B83 /* Release */,
			);
			defaultConfigurationIsVisible = 0;
			defaultConfigurationName = Release;
		};
/* End XCConfigurationList section */
	};
	rootObject = D77E3E6B21F07EC900096B83 /* Project object */;
}
